// !$*UTF8*$!
{
	archiveVersion = 1;
	classes = {
	};
	objectVersion = 46;
	objects = {

/* Begin PBXBuildFile section */
		049EBFEC1C210676003A9901 /* AppDelegate.swift in Sources */ = {isa = PBXBuildFile; fileRef = 049EBFEB1C210676003A9901 /* AppDelegate.swift */; };
		049EBFEF1C210676003A9901 /* CoreDataDemo.xcdatamodeld in Sources */ = {isa = PBXBuildFile; fileRef = 049EBFED1C210676003A9901 /* CoreDataDemo.xcdatamodeld */; };
		049EBFF11C210676003A9901 /* MasterViewController.swift in Sources */ = {isa = PBXBuildFile; fileRef = 049EBFF01C210676003A9901 /* MasterViewController.swift */; };
		049EBFF31C210676003A9901 /* DetailViewController.swift in Sources */ = {isa = PBXBuildFile; fileRef = 049EBFF21C210676003A9901 /* DetailViewController.swift */; };
		049EBFF61C210676003A9901 /* Main.storyboard in Resources */ = {isa = PBXBuildFile; fileRef = 049EBFF41C210676003A9901 /* Main.storyboard */; };
		049EBFF81C210676003A9901 /* Assets.xcassets in Resources */ = {isa = PBXBuildFile; fileRef = 049EBFF71C210676003A9901 /* Assets.xcassets */; };
		049EBFFB1C210676003A9901 /* LaunchScreen.storyboard in Resources */ = {isa = PBXBuildFile; fileRef = 049EBFF91C210676003A9901 /* LaunchScreen.storyboard */; };
		049EC0061C210676003A9901 /* CoreDataDemoTests.swift in Sources */ = {isa = PBXBuildFile; fileRef = 049EC0051C210676003A9901 /* CoreDataDemoTests.swift */; };
		049EC0111C210676003A9901 /* CoreDataDemoUITests.swift in Sources */ = {isa = PBXBuildFile; fileRef = 049EC0101C210676003A9901 /* CoreDataDemoUITests.swift */; };
/* End PBXBuildFile section */

/* Begin PBXContainerItemProxy section */
		049EC0021C210676003A9901 /* PBXContainerItemProxy */ = {
			isa = PBXContainerItemProxy;
			containerPortal = 049EBFE01C210676003A9901 /* Project object */;
			proxyType = 1;
			remoteGlobalIDString = 049EBFE71C210676003A9901;
			remoteInfo = CoreDataDemo;
		};
		049EC00D1C210676003A9901 /* PBXContainerItemProxy */ = {
			isa = PBXContainerItemProxy;
			containerPortal = 049EBFE01C210676003A9901 /* Project object */;
			proxyType = 1;
			remoteGlobalIDString = 049EBFE71C210676003A9901;
			remoteInfo = CoreDataDemo;
		};
/* End PBXContainerItemProxy section */

/* Begin PBXFileReference section */
		049EBFE81C210676003A9901 /* CoreDataDemo.app */ = {isa = PBXFileReference; explicitFileType = wrapper.application; includeInIndex = 0; path = CoreDataDemo.app; sourceTree = BUILT_PRODUCTS_DIR; };
		049EBFEB1C210676003A9901 /* AppDelegate.swift */ = {isa = PBXFileReference; lastKnownFileType = sourcecode.swift; path = AppDelegate.swift; sourceTree = "<group>"; };
		049EBFEE1C210676003A9901 /* CoreDataDemo.xcdatamodel */ = {isa = PBXFileReference; lastKnownFileType = wrapper.xcdatamodel; path = CoreDataDemo.xcdatamodel; sourceTree = "<group>"; };
		049EBFF01C210676003A9901 /* MasterViewController.swift */ = {isa = PBXFileReference; lastKnownFileType = sourcecode.swift; path = MasterViewController.swift; sourceTree = "<group>"; };
		049EBFF21C210676003A9901 /* DetailViewController.swift */ = {isa = PBXFileReference; lastKnownFileType = sourcecode.swift; path = DetailViewController.swift; sourceTree = "<group>"; };
		049EBFF51C210676003A9901 /* Base */ = {isa = PBXFileReference; lastKnownFileType = file.storyboard; name = Base; path = Base.lproj/Main.storyboard; sourceTree = "<group>"; };
		049EBFF71C210676003A9901 /* Assets.xcassets */ = {isa = PBXFileReference; lastKnownFileType = folder.assetcatalog; path = Assets.xcassets; sourceTree = "<group>"; };
		049EBFFA1C210676003A9901 /* Base */ = {isa = PBXFileReference; lastKnownFileType = file.storyboard; name = Base; path = Base.lproj/LaunchScreen.storyboard; sourceTree = "<group>"; };
		049EBFFC1C210676003A9901 /* Info.plist */ = {isa = PBXFileReference; lastKnownFileType = text.plist.xml; path = Info.plist; sourceTree = "<group>"; };
		049EC0011C210676003A9901 /* CoreDataDemoTests.xctest */ = {isa = PBXFileReference; explicitFileType = wrapper.cfbundle; includeInIndex = 0; path = CoreDataDemoTests.xctest; sourceTree = BUILT_PRODUCTS_DIR; };
		049EC0051C210676003A9901 /* CoreDataDemoTests.swift */ = {isa = PBXFileReference; lastKnownFileType = sourcecode.swift; path = CoreDataDemoTests.swift; sourceTree = "<group>"; };
		049EC0071C210676003A9901 /* Info.plist */ = {isa = PBXFileReference; lastKnownFileType = text.plist.xml; path = Info.plist; sourceTree = "<group>"; };
		049EC00C1C210676003A9901 /* CoreDataDemoUITests.xctest */ = {isa = PBXFileReference; explicitFileType = wrapper.cfbundle; includeInIndex = 0; path = CoreDataDemoUITests.xctest; sourceTree = BUILT_PRODUCTS_DIR; };
		049EC0101C210676003A9901 /* CoreDataDemoUITests.swift */ = {isa = PBXFileReference; lastKnownFileType = sourcecode.swift; path = CoreDataDemoUITests.swift; sourceTree = "<group>"; };
		049EC0121C210676003A9901 /* Info.plist */ = {isa = PBXFileReference; lastKnownFileType = text.plist.xml; path = Info.plist; sourceTree = "<group>"; };
/* End PBXFileReference section */

/* Begin PBXFrameworksBuildPhase section */
		049EBFE51C210676003A9901 /* Frameworks */ = {
			isa = PBXFrameworksBuildPhase;
			buildActionMask = 2147483647;
			files = (
			);
			runOnlyForDeploymentPostprocessing = 0;
		};
		049EBFFE1C210676003A9901 /* Frameworks */ = {
			isa = PBXFrameworksBuildPhase;
			buildActionMask = 2147483647;
			files = (
			);
			runOnlyForDeploymentPostprocessing = 0;
		};
		049EC0091C210676003A9901 /* Frameworks */ = {
			isa = PBXFrameworksBuildPhase;
			buildActionMask = 2147483647;
			files = (
			);
			runOnlyForDeploymentPostprocessing = 0;
		};
/* End PBXFrameworksBuildPhase section */

/* Begin PBXGroup section */
		049EBFDF1C210676003A9901 = {
			isa = PBXGroup;
			children = (
				049EBFEA1C210676003A9901 /* CoreDataDemo */,
				049EC0041C210676003A9901 /* CoreDataDemoTests */,
				049EC00F1C210676003A9901 /* CoreDataDemoUITests */,
				049EBFE91C210676003A9901 /* Products */,
			);
			sourceTree = "<group>";
		};
		049EBFE91C210676003A9901 /* Products */ = {
			isa = PBXGroup;
			children = (
				049EBFE81C210676003A9901 /* CoreDataDemo.app */,
				049EC0011C210676003A9901 /* CoreDataDemoTests.xctest */,
				049EC00C1C210676003A9901 /* CoreDataDemoUITests.xctest */,
			);
			name = Products;
			sourceTree = "<group>";
		};
		049EBFEA1C210676003A9901 /* CoreDataDemo */ = {
			isa = PBXGroup;
			children = (
				049EBFEB1C210676003A9901 /* AppDelegate.swift */,
				049EBFF01C210676003A9901 /* MasterViewController.swift */,
				049EBFF21C210676003A9901 /* DetailViewController.swift */,
				049EBFF41C210676003A9901 /* Main.storyboard */,
				049EBFF71C210676003A9901 /* Assets.xcassets */,
				049EBFF91C210676003A9901 /* LaunchScreen.storyboard */,
				049EBFFC1C210676003A9901 /* Info.plist */,
				049EBFED1C210676003A9901 /* CoreDataDemo.xcdatamodeld */,
			);
			path = CoreDataDemo;
			sourceTree = "<group>";
		};
		049EC0041C210676003A9901 /* CoreDataDemoTests */ = {
			isa = PBXGroup;
			children = (
				049EC0051C210676003A9901 /* CoreDataDemoTests.swift */,
				049EC0071C210676003A9901 /* Info.plist */,
			);
			path = CoreDataDemoTests;
			sourceTree = "<group>";
		};
		049EC00F1C210676003A9901 /* CoreDataDemoUITests */ = {
			isa = PBXGroup;
			children = (
				049EC0101C210676003A9901 /* CoreDataDemoUITests.swift */,
				049EC0121C210676003A9901 /* Info.plist */,
			);
			path = CoreDataDemoUITests;
			sourceTree = "<group>";
		};
/* End PBXGroup section */

/* Begin PBXNativeTarget section */
		049EBFE71C210676003A9901 /* CoreDataDemo */ = {
			isa = PBXNativeTarget;
			buildConfigurationList = 049EC0151C210676003A9901 /* Build configuration list for PBXNativeTarget "CoreDataDemo" */;
			buildPhases = (
				049EBFE41C210676003A9901 /* Sources */,
				049EBFE51C210676003A9901 /* Frameworks */,
				049EBFE61C210676003A9901 /* Resources */,
			);
			buildRules = (
			);
			dependencies = (
			);
			name = CoreDataDemo;
			productName = CoreDataDemo;
			productReference = 049EBFE81C210676003A9901 /* CoreDataDemo.app */;
			productType = "com.apple.product-type.application";
		};
		049EC0001C210676003A9901 /* CoreDataDemoTests */ = {
			isa = PBXNativeTarget;
			buildConfigurationList = 049EC0181C210676003A9901 /* Build configuration list for PBXNativeTarget "CoreDataDemoTests" */;
			buildPhases = (
				049EBFFD1C210676003A9901 /* Sources */,
				049EBFFE1C210676003A9901 /* Frameworks */,
				049EBFFF1C210676003A9901 /* Resources */,
			);
			buildRules = (
			);
			dependencies = (
				049EC0031C210676003A9901 /* PBXTargetDependency */,
			);
			name = CoreDataDemoTests;
			productName = CoreDataDemoTests;
			productReference = 049EC0011C210676003A9901 /* CoreDataDemoTests.xctest */;
			productType = "com.apple.product-type.bundle.unit-test";
		};
		049EC00B1C210676003A9901 /* CoreDataDemoUITests */ = {
			isa = PBXNativeTarget;
			buildConfigurationList = 049EC01B1C210676003A9901 /* Build configuration list for PBXNativeTarget "CoreDataDemoUITests" */;
			buildPhases = (
				049EC0081C210676003A9901 /* Sources */,
				049EC0091C210676003A9901 /* Frameworks */,
				049EC00A1C210676003A9901 /* Resources */,
			);
			buildRules = (
			);
			dependencies = (
				049EC00E1C210676003A9901 /* PBXTargetDependency */,
			);
			name = CoreDataDemoUITests;
			productName = CoreDataDemoUITests;
			productReference = 049EC00C1C210676003A9901 /* CoreDataDemoUITests.xctest */;
			productType = "com.apple.product-type.bundle.ui-testing";
		};
/* End PBXNativeTarget section */

/* Begin PBXProject section */
		049EBFE01C210676003A9901 /* Project object */ = {
			isa = PBXProject;
			attributes = {
				LastSwiftUpdateCheck = 0720;
				LastUpgradeCheck = 0720;
				ORGANIZATIONNAME = "宇之楓鷙";
				TargetAttributes = {
					049EBFE71C210676003A9901 = {
						CreatedOnToolsVersion = 7.2;
					};
					049EC0001C210676003A9901 = {
						CreatedOnToolsVersion = 7.2;
						TestTargetID = 049EBFE71C210676003A9901;
					};
					049EC00B1C210676003A9901 = {
						CreatedOnToolsVersion = 7.2;
						TestTargetID = 049EBFE71C210676003A9901;
					};
				};
			};
			buildConfigurationList = 049EBFE31C210676003A9901 /* Build configuration list for PBXProject "CoreDataDemo" */;
			compatibilityVersion = "Xcode 3.2";
			developmentRegion = English;
			hasScannedForEncodings = 0;
			knownRegions = (
				en,
				Base,
			);
			mainGroup = 049EBFDF1C210676003A9901;
			productRefGroup = 049EBFE91C210676003A9901 /* Products */;
			projectDirPath = "";
			projectRoot = "";
			targets = (
				049EBFE71C210676003A9901 /* CoreDataDemo */,
				049EC0001C210676003A9901 /* CoreDataDemoTests */,
				049EC00B1C210676003A9901 /* CoreDataDemoUITests */,
			);
		};
/* End PBXProject section */

/* Begin PBXResourcesBuildPhase section */
		049EBFE61C210676003A9901 /* Resources */ = {
			isa = PBXResourcesBuildPhase;
			buildActionMask = 2147483647;
			files = (
				049EBFFB1C210676003A9901 /* LaunchScreen.storyboard in Resources */,
				049EBFF81C210676003A9901 /* Assets.xcassets in Resources */,
				049EBFF61C210676003A9901 /* Main.storyboard in Resources */,
			);
			runOnlyForDeploymentPostprocessing = 0;
		};
		049EBFFF1C210676003A9901 /* Resources */ = {
			isa = PBXResourcesBuildPhase;
			buildActionMask = 2147483647;
			files = (
			);
			runOnlyForDeploymentPostprocessing = 0;
		};
		049EC00A1C210676003A9901 /* Resources */ = {
			isa = PBXResourcesBuildPhase;
			buildActionMask = 2147483647;
			files = (
			);
			runOnlyForDeploymentPostprocessing = 0;
		};
/* End PBXResourcesBuildPhase section */

/* Begin PBXSourcesBuildPhase section */
		049EBFE41C210676003A9901 /* Sources */ = {
			isa = PBXSourcesBuildPhase;
			buildActionMask = 2147483647;
			files = (
				049EBFEC1C210676003A9901 /* AppDelegate.swift in Sources */,
				049EBFEF1C210676003A9901 /* CoreDataDemo.xcdatamodeld in Sources */,
				049EBFF11C210676003A9901 /* MasterViewController.swift in Sources */,
				049EBFF31C210676003A9901 /* DetailViewController.swift in Sources */,
			);
			runOnlyForDeploymentPostprocessing = 0;
		};
		049EBFFD1C210676003A9901 /* Sources */ = {
			isa = PBXSourcesBuildPhase;
			buildActionMask = 2147483647;
			files = (
				049EC0061C210676003A9901 /* CoreDataDemoTests.swift in Sources */,
			);
			runOnlyForDeploymentPostprocessing = 0;
		};
		049EC0081C210676003A9901 /* Sources */ = {
			isa = PBXSourcesBuildPhase;
			buildActionMask = 2147483647;
			files = (
				049EC0111C210676003A9901 /* CoreDataDemoUITests.swift in Sources */,
			);
			runOnlyForDeploymentPostprocessing = 0;
		};
/* End PBXSourcesBuildPhase section */

/* Begin PBXTargetDependency section */
		049EC0031C210676003A9901 /* PBXTargetDependency */ = {
			isa = PBXTargetDependency;
			target = 049EBFE71C210676003A9901 /* CoreDataDemo */;
			targetProxy = 049EC0021C210676003A9901 /* PBXContainerItemProxy */;
		};
		049EC00E1C210676003A9901 /* PBXTargetDependency */ = {
			isa = PBXTargetDependency;
			target = 049EBFE71C210676003A9901 /* CoreDataDemo */;
			targetProxy = 049EC00D1C210676003A9901 /* PBXContainerItemProxy */;
		};
/* End PBXTargetDependency section */

/* Begin PBXVariantGroup section */
		049EBFF41C210676003A9901 /* Main.storyboard */ = {
			isa = PBXVariantGroup;
			children = (
				049EBFF51C210676003A9901 /* Base */,
			);
			name = Main.storyboard;
			sourceTree = "<group>";
		};
		049EBFF91C210676003A9901 /* LaunchScreen.storyboard */ = {
			isa = PBXVariantGroup;
			children = (
				049EBFFA1C210676003A9901 /* Base */,
			);
			name = LaunchScreen.storyboard;
			sourceTree = "<group>";
		};
/* End PBXVariantGroup section */

/* Begin XCBuildConfiguration section */
		049EC0131C210676003A9901 /* Debug */ = {
			isa = XCBuildConfiguration;
			buildSettings = {
				ALWAYS_SEARCH_USER_PATHS = NO;
				CLANG_CXX_LANGUAGE_STANDARD = "gnu++0x";
				CLANG_CXX_LIBRARY = "libc++";
				CLANG_ENABLE_MODULES = YES;
				CLANG_ENABLE_OBJC_ARC = YES;
				CLANG_WARN_BOOL_CONVERSION = YES;
				CLANG_WARN_CONSTANT_CONVERSION = YES;
				CLANG_WARN_DIRECT_OBJC_ISA_USAGE = YES_ERROR;
				CLANG_WARN_EMPTY_BODY = YES;
				CLANG_WARN_ENUM_CONVERSION = YES;
				CLANG_WARN_INT_CONVERSION = YES;
				CLANG_WARN_OBJC_ROOT_CLASS = YES_ERROR;
				CLANG_WARN_UNREACHABLE_CODE = YES;
				CLANG_WARN__DUPLICATE_METHOD_MATCH = YES;
				"CODE_SIGN_IDENTITY[sdk=iphoneos*]" = "iPhone Developer";
				COPY_PHASE_STRIP = NO;
				DEBUG_INFORMATION_FORMAT = dwarf;
				ENABLE_STRICT_OBJC_MSGSEND = YES;
				ENABLE_TESTABILITY = YES;
				GCC_C_LANGUAGE_STANDARD = gnu99;
				GCC_DYNAMIC_NO_PIC = NO;
				GCC_NO_COMMON_BLOCKS = YES;
				GCC_OPTIMIZATION_LEVEL = 0;
				GCC_PREPROCESSOR_DEFINITIONS = (
					"DEBUG=1",
					"$(inherited)",
				);
				GCC_WARN_64_TO_32_BIT_CONVERSION = YES;
				GCC_WARN_ABOUT_RETURN_TYPE = YES_ERROR;
				GCC_WARN_UNDECLARED_SELECTOR = YES;
				GCC_WARN_UNINITIALIZED_AUTOS = YES_AGGRESSIVE;
				GCC_WARN_UNUSED_FUNCTION = YES;
				GCC_WARN_UNUSED_VARIABLE = YES;
				IPHONEOS_DEPLOYMENT_TARGET = 9.2;
				MTL_ENABLE_DEBUG_INFO = YES;
				ONLY_ACTIVE_ARCH = YES;
				SDKROOT = iphoneos;
				SWIFT_OPTIMIZATION_LEVEL = "-Onone";
			};
			name = Debug;
		};
		049EC0141C210676003A9901 /* Release */ = {
			isa = XCBuildConfiguration;
			buildSettings = {
				ALWAYS_SEARCH_USER_PATHS = NO;
				CLANG_CXX_LANGUAGE_STANDARD = "gnu++0x";
				CLANG_CXX_LIBRARY = "libc++";
				CLANG_ENABLE_MODULES = YES;
				CLANG_ENABLE_OBJC_ARC = YES;
				CLANG_WARN_BOOL_CONVERSION = YES;
				CLANG_WARN_CONSTANT_CONVERSION = YES;
				CLANG_WARN_DIRECT_OBJC_ISA_USAGE = YES_ERROR;
				CLANG_WARN_EMPTY_BODY = YES;
				CLANG_WARN_ENUM_CONVERSION = YES;
				CLANG_WARN_INT_CONVERSION = YES;
				CLANG_WARN_OBJC_ROOT_CLASS = YES_ERROR;
				CLANG_WARN_UNREACHABLE_CODE = YES;
				CLANG_WARN__DUPLICATE_METHOD_MATCH = YES;
				"CODE_SIGN_IDENTITY[sdk=iphoneos*]" = "iPhone Developer";
				COPY_PHASE_STRIP = NO;
				DEBUG_INFORMATION_FORMAT = "dwarf-with-dsym";
				ENABLE_NS_ASSERTIONS = NO;
				ENABLE_STRICT_OBJC_MSGSEND = YES;
				GCC_C_LANGUAGE_STANDARD = gnu99;
				GCC_NO_COMMON_BLOCKS = YES;
				GCC_WARN_64_TO_32_BIT_CONVERSION = YES;
				GCC_WARN_ABOUT_RETURN_TYPE = YES_ERROR;
				GCC_WARN_UNDECLARED_SELECTOR = YES;
				GCC_WARN_UNINITIALIZED_AUTOS = YES_AGGRESSIVE;
				GCC_WARN_UNUSED_FUNCTION = YES;
				GCC_WARN_UNUSED_VARIABLE = YES;
				IPHONEOS_DEPLOYMENT_TARGET = 9.2;
				MTL_ENABLE_DEBUG_INFO = NO;
				SDKROOT = iphoneos;
				VALIDATE_PRODUCT = YES;
			};
			name = Release;
		};
		049EC0161C210676003A9901 /* Debug */ = {
			isa = XCBuildConfiguration;
			buildSettings = {
				ASSETCATALOG_COMPILER_APPICON_NAME = AppIcon;
				INFOPLIST_FILE = CoreDataDemo/Info.plist;
				LD_RUNPATH_SEARCH_PATHS = "$(inherited) @executable_path/Frameworks";
				PRODUCT_BUNDLE_IDENTIFIER = Jack.CoreDataDemo;
				PRODUCT_NAME = "$(TARGET_NAME)";
			};
			name = Debug;
		};
		049EC0171C210676003A9901 /* Release */ = {
			isa = XCBuildConfiguration;
			buildSettings = {
				ASSETCATALOG_COMPILER_APPICON_NAME = AppIcon;
				INFOPLIST_FILE = CoreDataDemo/Info.plist;
				LD_RUNPATH_SEARCH_PATHS = "$(inherited) @executable_path/Frameworks";
				PRODUCT_BUNDLE_IDENTIFIER = Jack.CoreDataDemo;
				PRODUCT_NAME = "$(TARGET_NAME)";
			};
			name = Release;
		};
		049EC0191C210676003A9901 /* Debug */ = {
			isa = XCBuildConfiguration;
			buildSettings = {
				BUNDLE_LOADER = "$(TEST_HOST)";
				INFOPLIST_FILE = CoreDataDemoTests/Info.plist;
				LD_RUNPATH_SEARCH_PATHS = "$(inherited) @executable_path/Frameworks @loader_path/Frameworks";
				PRODUCT_BUNDLE_IDENTIFIER = Jack.CoreDataDemoTests;
				PRODUCT_NAME = "$(TARGET_NAME)";
				TEST_HOST = "$(BUILT_PRODUCTS_DIR)/CoreDataDemo.app/CoreDataDemo";
			};
			name = Debug;
		};
		049EC01A1C210676003A9901 /* Release */ = {
			isa = XCBuildConfiguration;
			buildSettings = {
				BUNDLE_LOADER = "$(TEST_HOST)";
				INFOPLIST_FILE = CoreDataDemoTests/Info.plist;
				LD_RUNPATH_SEARCH_PATHS = "$(inherited) @executable_path/Frameworks @loader_path/Frameworks";
				PRODUCT_BUNDLE_IDENTIFIER = Jack.CoreDataDemoTests;
				PRODUCT_NAME = "$(TARGET_NAME)";
				TEST_HOST = "$(BUILT_PRODUCTS_DIR)/CoreDataDemo.app/CoreDataDemo";
			};
			name = Release;
		};
		049EC01C1C210676003A9901 /* Debug */ = {
			isa = XCBuildConfiguration;
			buildSettings = {
				INFOPLIST_FILE = CoreDataDemoUITests/Info.plist;
				LD_RUNPATH_SEARCH_PATHS = "$(inherited) @executable_path/Frameworks @loader_path/Frameworks";
				PRODUCT_BUNDLE_IDENTIFIER = Jack.CoreDataDemoUITests;
				PRODUCT_NAME = "$(TARGET_NAME)";
				TEST_TARGET_NAME = CoreDataDemo;
				USES_XCTRUNNER = YES;
			};
			name = Debug;
		};
		049EC01D1C210676003A9901 /* Release */ = {
			isa = XCBuildConfiguration;
			buildSettings = {
				INFOPLIST_FILE = CoreDataDemoUITests/Info.plist;
				LD_RUNPATH_SEARCH_PATHS = "$(inherited) @executable_path/Frameworks @loader_path/Frameworks";
				PRODUCT_BUNDLE_IDENTIFIER = Jack.CoreDataDemoUITests;
				PRODUCT_NAME = "$(TARGET_NAME)";
				TEST_TARGET_NAME = CoreDataDemo;
				USES_XCTRUNNER = YES;
			};
			name = Release;
		};
/* End XCBuildConfiguration section */

/* Begin XCConfigurationList section */
		049EBFE31C210676003A9901 /* Build configuration list for PBXProject "CoreDataDemo" */ = {
			isa = XCConfigurationList;
			buildConfigurations = (
				049EC0131C210676003A9901 /* Debug */,
				049EC0141C210676003A9901 /* Release */,
			);
			defaultConfigurationIsVisible = 0;
			defaultConfigurationName = Release;
		};
		049EC0151C210676003A9901 /* Build configuration list for PBXNativeTarget "CoreDataDemo" */ = {
			isa = XCConfigurationList;
			buildConfigurations = (
				049EC0161C210676003A9901 /* Debug */,
				049EC0171C210676003A9901 /* Release */,
			);
			defaultConfigurationIsVisible = 0;
		};
		049EC0181C210676003A9901 /* Build configuration list for PBXNativeTarget "CoreDataDemoTests" */ = {
			isa = XCConfigurationList;
			buildConfigurations = (
				049EC0191C210676003A9901 /* Debug */,
				049EC01A1C210676003A9901 /* Release */,
			);
			defaultConfigurationIsVisible = 0;
		};
		049EC01B1C210676003A9901 /* Build configuration list for PBXNativeTarget "CoreDataDemoUITests" */ = {
			isa = XCConfigurationList;
			buildConfigurations = (
				049EC01C1C210676003A9901 /* Debug */,
				049EC01D1C210676003A9901 /* Release */,
			);
			defaultConfigurationIsVisible = 0;
		};
/* End XCConfigurationList section */

/* Begin XCVersionGroup section */
		049EBFED1C210676003A9901 /* CoreDataDemo.xcdatamodeld */ = {
			isa = XCVersionGroup;
			children = (
				049EBFEE1C210676003A9901 /* CoreDataDemo.xcdatamodel */,
			);
			currentVersion = 049EBFEE1C210676003A9901 /* CoreDataDemo.xcdatamodel */;
			path = CoreDataDemo.xcdatamodeld;
			sourceTree = "<group>";
			versionGroupType = wrapper.xcdatamodel;
		};
/* End XCVersionGroup section */
	};
	rootObject = 049EBFE01C210676003A9901 /* Project object */;
}
