// !$*UTF8*$!
{
	archiveVersion = 1;
	classes = {
	};
	objectVersion = 46;
	objects = {

/* Begin PBXBuildFile section */
		044867551B86D22300A7A94C /* main.m in Sources */ = {isa = PBXBuildFile; fileRef = 044867541B86D22300A7A94C /* main.m */; };
		044867581B86D22300A7A94C /* AppDelegate.m in Sources */ = {isa = PBXBuildFile; fileRef = 044867571B86D22300A7A94C /* AppDelegate.m */; };
		0448675B1B86D22300A7A94C /* ViewController.m in Sources */ = {isa = PBXBuildFile; fileRef = 0448675A1B86D22300A7A94C /* ViewController.m */; };
		0448675E1B86D22300A7A94C /* Main.storyboard in Resources */ = {isa = PBXBuildFile; fileRef = 0448675C1B86D22300A7A94C /* Main.storyboard */; };
		044867601B86D22300A7A94C /* Images.xcassets in Resources */ = {isa = PBXBuildFile; fileRef = 0448675F1B86D22300A7A94C /* Images.xcassets */; };
		044867631B86D22300A7A94C /* LaunchScreen.xib in Resources */ = {isa = PBXBuildFile; fileRef = 044867611B86D22300A7A94C /* LaunchScreen.xib */; };
		0448676F1B86D22300A7A94C /* CardGameTests.m in Sources */ = {isa = PBXBuildFile; fileRef = 0448676E1B86D22300A7A94C /* CardGameTests.m */; };
		0448677B1B86D24900A7A94C /* Card.m in Sources */ = {isa = PBXBuildFile; fileRef = 0448677A1B86D24900A7A94C /* Card.m */; };
		0448677C1B86D24900A7A94C /* Card.m in Sources */ = {isa = PBXBuildFile; fileRef = 0448677A1B86D24900A7A94C /* Card.m */; };
		0448677F1B86F83600A7A94C /* PlayingCard.m in Sources */ = {isa = PBXBuildFile; fileRef = 0448677E1B86F83600A7A94C /* PlayingCard.m */; };
		044867801B86F83600A7A94C /* PlayingCard.m in Sources */ = {isa = PBXBuildFile; fileRef = 0448677E1B86F83600A7A94C /* PlayingCard.m */; };
		044867831B8708E300A7A94C /* PlayingCardDeck.m in Sources */ = {isa = PBXBuildFile; fileRef = 044867821B8708E300A7A94C /* PlayingCardDeck.m */; };
		044867841B8708E300A7A94C /* PlayingCardDeck.m in Sources */ = {isa = PBXBuildFile; fileRef = 044867821B8708E300A7A94C /* PlayingCardDeck.m */; };
		044867871B870B5D00A7A94C /* Deck.m in Sources */ = {isa = PBXBuildFile; fileRef = 044867861B870B5D00A7A94C /* Deck.m */; };
		044867881B870B5D00A7A94C /* Deck.m in Sources */ = {isa = PBXBuildFile; fileRef = 044867861B870B5D00A7A94C /* Deck.m */; };
/* End PBXBuildFile section */

/* Begin PBXContainerItemProxy section */
		044867691B86D22300A7A94C /* PBXContainerItemProxy */ = {
			isa = PBXContainerItemProxy;
			containerPortal = 044867471B86D22300A7A94C /* Project object */;
			proxyType = 1;
			remoteGlobalIDString = 0448674E1B86D22300A7A94C;
			remoteInfo = CardGame;
		};
/* End PBXContainerItemProxy section */

/* Begin PBXFileReference section */
		0448674F1B86D22300A7A94C /* CardGame.app */ = {isa = PBXFileReference; explicitFileType = wrapper.application; includeInIndex = 0; path = CardGame.app; sourceTree = BUILT_PRODUCTS_DIR; };
		044867531B86D22300A7A94C /* Info.plist */ = {isa = PBXFileReference; lastKnownFileType = text.plist.xml; path = Info.plist; sourceTree = "<group>"; };
		044867541B86D22300A7A94C /* main.m */ = {isa = PBXFileReference; lastKnownFileType = sourcecode.c.objc; path = main.m; sourceTree = "<group>"; };
		044867561B86D22300A7A94C /* AppDelegate.h */ = {isa = PBXFileReference; lastKnownFileType = sourcecode.c.h; path = AppDelegate.h; sourceTree = "<group>"; };
		044867571B86D22300A7A94C /* AppDelegate.m */ = {isa = PBXFileReference; lastKnownFileType = sourcecode.c.objc; path = AppDelegate.m; sourceTree = "<group>"; };
		044867591B86D22300A7A94C /* ViewController.h */ = {isa = PBXFileReference; lastKnownFileType = sourcecode.c.h; path = ViewController.h; sourceTree = "<group>"; };
		0448675A1B86D22300A7A94C /* ViewController.m */ = {isa = PBXFileReference; lastKnownFileType = sourcecode.c.objc; path = ViewController.m; sourceTree = "<group>"; };
		0448675D1B86D22300A7A94C /* Base */ = {isa = PBXFileReference; lastKnownFileType = file.storyboard; name = Base; path = Base.lproj/Main.storyboard; sourceTree = "<group>"; };
		0448675F1B86D22300A7A94C /* Images.xcassets */ = {isa = PBXFileReference; lastKnownFileType = folder.assetcatalog; path = Images.xcassets; sourceTree = "<group>"; };
		044867621B86D22300A7A94C /* Base */ = {isa = PBXFileReference; lastKnownFileType = file.xib; name = Base; path = Base.lproj/LaunchScreen.xib; sourceTree = "<group>"; };
		044867681B86D22300A7A94C /* CardGameTests.xctest */ = {isa = PBXFileReference; explicitFileType = wrapper.cfbundle; includeInIndex = 0; path = CardGameTests.xctest; sourceTree = BUILT_PRODUCTS_DIR; };
		0448676D1B86D22300A7A94C /* Info.plist */ = {isa = PBXFileReference; lastKnownFileType = text.plist.xml; path = Info.plist; sourceTree = "<group>"; };
		0448676E1B86D22300A7A94C /* CardGameTests.m */ = {isa = PBXFileReference; lastKnownFileType = sourcecode.c.objc; path = CardGameTests.m; sourceTree = "<group>"; };
		044867791B86D24900A7A94C /* Card.h */ = {isa = PBXFileReference; fileEncoding = 4; lastKnownFileType = sourcecode.c.h; path = Card.h; sourceTree = "<group>"; };
		0448677A1B86D24900A7A94C /* Card.m */ = {isa = PBXFileReference; fileEncoding = 4; lastKnownFileType = sourcecode.c.objc; path = Card.m; sourceTree = "<group>"; };
		0448677D1B86F83600A7A94C /* PlayingCard.h */ = {isa = PBXFileReference; fileEncoding = 4; lastKnownFileType = sourcecode.c.h; path = PlayingCard.h; sourceTree = "<group>"; };
		0448677E1B86F83600A7A94C /* PlayingCard.m */ = {isa = PBXFileReference; fileEncoding = 4; lastKnownFileType = sourcecode.c.objc; path = PlayingCard.m; sourceTree = "<group>"; };
		044867811B8708E300A7A94C /* PlayingCardDeck.h */ = {isa = PBXFileReference; fileEncoding = 4; lastKnownFileType = sourcecode.c.h; path = PlayingCardDeck.h; sourceTree = "<group>"; };
		044867821B8708E300A7A94C /* PlayingCardDeck.m */ = {isa = PBXFileReference; fileEncoding = 4; lastKnownFileType = sourcecode.c.objc; path = PlayingCardDeck.m; sourceTree = "<group>"; };
		044867851B870B5D00A7A94C /* Deck.h */ = {isa = PBXFileReference; fileEncoding = 4; lastKnownFileType = sourcecode.c.h; path = Deck.h; sourceTree = "<group>"; };
		044867861B870B5D00A7A94C /* Deck.m */ = {isa = PBXFileReference; fileEncoding = 4; lastKnownFileType = sourcecode.c.objc; path = Deck.m; sourceTree = "<group>"; };
/* End PBXFileReference section */

/* Begin PBXFrameworksBuildPhase section */
		0448674C1B86D22300A7A94C /* Frameworks */ = {
			isa = PBXFrameworksBuildPhase;
			buildActionMask = 2147483647;
			files = (
			);
			runOnlyForDeploymentPostprocessing = 0;
		};
		044867651B86D22300A7A94C /* Frameworks */ = {
			isa = PBXFrameworksBuildPhase;
			buildActionMask = 2147483647;
			files = (
			);
			runOnlyForDeploymentPostprocessing = 0;
		};
/* End PBXFrameworksBuildPhase section */

/* Begin PBXGroup section */
		044867461B86D22300A7A94C = {
			isa = PBXGroup;
			children = (
				044867781B86D24000A7A94C /* Model */,
				044867511B86D22300A7A94C /* CardGame */,
				0448676B1B86D22300A7A94C /* CardGameTests */,
				044867501B86D22300A7A94C /* Products */,
			);
			sourceTree = "<group>";
		};
		044867501B86D22300A7A94C /* Products */ = {
			isa = PBXGroup;
			children = (
				0448674F1B86D22300A7A94C /* CardGame.app */,
				044867681B86D22300A7A94C /* CardGameTests.xctest */,
			);
			name = Products;
			sourceTree = "<group>";
		};
		044867511B86D22300A7A94C /* CardGame */ = {
			isa = PBXGroup;
			children = (
				044867561B86D22300A7A94C /* AppDelegate.h */,
				044867571B86D22300A7A94C /* AppDelegate.m */,
				044867591B86D22300A7A94C /* ViewController.h */,
				0448675A1B86D22300A7A94C /* ViewController.m */,
				0448675C1B86D22300A7A94C /* Main.storyboard */,
				0448675F1B86D22300A7A94C /* Images.xcassets */,
				044867611B86D22300A7A94C /* LaunchScreen.xib */,
				044867521B86D22300A7A94C /* Supporting Files */,
			);
			path = CardGame;
			sourceTree = "<group>";
		};
		044867521B86D22300A7A94C /* Supporting Files */ = {
			isa = PBXGroup;
			children = (
				044867531B86D22300A7A94C /* Info.plist */,
				044867541B86D22300A7A94C /* main.m */,
			);
			name = "Supporting Files";
			sourceTree = "<group>";
		};
		0448676B1B86D22300A7A94C /* CardGameTests */ = {
			isa = PBXGroup;
			children = (
				0448676E1B86D22300A7A94C /* CardGameTests.m */,
				0448676C1B86D22300A7A94C /* Supporting Files */,
			);
			path = CardGameTests;
			sourceTree = "<group>";
		};
		0448676C1B86D22300A7A94C /* Supporting Files */ = {
			isa = PBXGroup;
			children = (
				0448676D1B86D22300A7A94C /* Info.plist */,
			);
			name = "Supporting Files";
			sourceTree = "<group>";
		};
		044867781B86D24000A7A94C /* Model */ = {
			isa = PBXGroup;
			children = (
				044867791B86D24900A7A94C /* Card.h */,
				0448677A1B86D24900A7A94C /* Card.m */,
				044867851B870B5D00A7A94C /* Deck.h */,
				044867861B870B5D00A7A94C /* Deck.m */,
				0448677D1B86F83600A7A94C /* PlayingCard.h */,
				0448677E1B86F83600A7A94C /* PlayingCard.m */,
				044867811B8708E300A7A94C /* PlayingCardDeck.h */,
				044867821B8708E300A7A94C /* PlayingCardDeck.m */,
			);
			path = Model;
			sourceTree = "<group>";
		};
/* End PBXGroup section */

/* Begin PBXNativeTarget section */
		0448674E1B86D22300A7A94C /* CardGame */ = {
			isa = PBXNativeTarget;
			buildConfigurationList = 044867721B86D22300A7A94C /* Build configuration list for PBXNativeTarget "CardGame" */;
			buildPhases = (
				0448674B1B86D22300A7A94C /* Sources */,
				0448674C1B86D22300A7A94C /* Frameworks */,
				0448674D1B86D22300A7A94C /* Resources */,
			);
			buildRules = (
			);
			dependencies = (
			);
			name = CardGame;
			productName = CardGame;
			productReference = 0448674F1B86D22300A7A94C /* CardGame.app */;
			productType = "com.apple.product-type.application";
		};
		044867671B86D22300A7A94C /* CardGameTests */ = {
			isa = PBXNativeTarget;
			buildConfigurationList = 044867751B86D22300A7A94C /* Build configuration list for PBXNativeTarget "CardGameTests" */;
			buildPhases = (
				044867641B86D22300A7A94C /* Sources */,
				044867651B86D22300A7A94C /* Frameworks */,
				044867661B86D22300A7A94C /* Resources */,
			);
			buildRules = (
			);
			dependencies = (
				0448676A1B86D22300A7A94C /* PBXTargetDependency */,
			);
			name = CardGameTests;
			productName = CardGameTests;
			productReference = 044867681B86D22300A7A94C /* CardGameTests.xctest */;
			productType = "com.apple.product-type.bundle.unit-test";
		};
/* End PBXNativeTarget section */

/* Begin PBXProject section */
		044867471B86D22300A7A94C /* Project object */ = {
			isa = PBXProject;
			attributes = {
				LastUpgradeCheck = 0640;
				ORGANIZATIONNAME = Jack;
				TargetAttributes = {
					0448674E1B86D22300A7A94C = {
						CreatedOnToolsVersion = 6.4;
					};
					044867671B86D22300A7A94C = {
						CreatedOnToolsVersion = 6.4;
						TestTargetID = 0448674E1B86D22300A7A94C;
					};
				};
			};
			buildConfigurationList = 0448674A1B86D22300A7A94C /* Build configuration list for PBXProject "CardGame" */;
			compatibilityVersion = "Xcode 3.2";
			developmentRegion = English;
			hasScannedForEncodings = 0;
			knownRegions = (
				en,
				Base,
			);
			mainGroup = 044867461B86D22300A7A94C;
			productRefGroup = 044867501B86D22300A7A94C /* Products */;
			projectDirPath = "";
			projectRoot = "";
			targets = (
				0448674E1B86D22300A7A94C /* CardGame */,
				044867671B86D22300A7A94C /* CardGameTests */,
			);
		};
/* End PBXProject section */

/* Begin PBXResourcesBuildPhase section */
		0448674D1B86D22300A7A94C /* Resources */ = {
			isa = PBXResourcesBuildPhase;
			buildActionMask = 2147483647;
			files = (
				0448675E1B86D22300A7A94C /* Main.storyboard in Resources */,
				044867631B86D22300A7A94C /* LaunchScreen.xib in Resources */,
				044867601B86D22300A7A94C /* Images.xcassets in Resources */,
			);
			runOnlyForDeploymentPostprocessing = 0;
		};
		044867661B86D22300A7A94C /* Resources */ = {
			isa = PBXResourcesBuildPhase;
			buildActionMask = 2147483647;
			files = (
			);
			runOnlyForDeploymentPostprocessing = 0;
		};
/* End PBXResourcesBuildPhase section */

/* Begin PBXSourcesBuildPhase section */
		0448674B1B86D22300A7A94C /* Sources */ = {
			isa = PBXSourcesBuildPhase;
			buildActionMask = 2147483647;
			files = (
				0448675B1B86D22300A7A94C /* ViewController.m in Sources */,
				044867871B870B5D00A7A94C /* Deck.m in Sources */,
				044867831B8708E300A7A94C /* PlayingCardDeck.m in Sources */,
				044867581B86D22300A7A94C /* AppDelegate.m in Sources */,
				044867551B86D22300A7A94C /* main.m in Sources */,
				0448677F1B86F83600A7A94C /* PlayingCard.m in Sources */,
				0448677B1B86D24900A7A94C /* Card.m in Sources */,
			);
			runOnlyForDeploymentPostprocessing = 0;
		};
		044867641B86D22300A7A94C /* Sources */ = {
			isa = PBXSourcesBuildPhase;
			buildActionMask = 2147483647;
			files = (
				044867881B870B5D00A7A94C /* Deck.m in Sources */,
				044867801B86F83600A7A94C /* PlayingCard.m in Sources */,
				044867841B8708E300A7A94C /* PlayingCardDeck.m in Sources */,
				0448676F1B86D22300A7A94C /* CardGameTests.m in Sources */,
				0448677C1B86D24900A7A94C /* Card.m in Sources */,
			);
			runOnlyForDeploymentPostprocessing = 0;
		};
/* End PBXSourcesBuildPhase section */

/* Begin PBXTargetDependency section */
		0448676A1B86D22300A7A94C /* PBXTargetDependency */ = {
			isa = PBXTargetDependency;
			target = 0448674E1B86D22300A7A94C /* CardGame */;
			targetProxy = 044867691B86D22300A7A94C /* PBXContainerItemProxy */;
		};
/* End PBXTargetDependency section */

/* Begin PBXVariantGroup section */
		0448675C1B86D22300A7A94C /* Main.storyboard */ = {
			isa = PBXVariantGroup;
			children = (
				0448675D1B86D22300A7A94C /* Base */,
			);
			name = Main.storyboard;
			sourceTree = "<group>";
		};
		044867611B86D22300A7A94C /* LaunchScreen.xib */ = {
			isa = PBXVariantGroup;
			children = (
				044867621B86D22300A7A94C /* Base */,
			);
			name = LaunchScreen.xib;
			sourceTree = "<group>";
		};
/* End PBXVariantGroup section */

/* Begin XCBuildConfiguration section */
		044867701B86D22300A7A94C /* Debug */ = {
			isa = XCBuildConfiguration;
			buildSettings = {
				ALWAYS_SEARCH_USER_PATHS = NO;
				CLANG_CXX_LANGUAGE_STANDARD = "gnu++0x";
				CLANG_CXX_LIBRARY = "libc++";
				CLANG_ENABLE_MODULES = YES;
				CLANG_ENABLE_OBJC_ARC = YES;
				CLANG_WARN_BOOL_CONVERSION = YES;
				CLANG_WARN_CONSTANT_CONVERSION = YES;
				CLANG_WARN_DIRECT_OBJC_ISA_USAGE = YES_ERROR;
				CLANG_WARN_EMPTY_BODY = YES;
				CLANG_WARN_ENUM_CONVERSION = YES;
				CLANG_WARN_INT_CONVERSION = YES;
				CLANG_WARN_OBJC_ROOT_CLASS = YES_ERROR;
				CLANG_WARN_UNREACHABLE_CODE = YES;
				CLANG_WARN__DUPLICATE_METHOD_MATCH = YES;
				"CODE_SIGN_IDENTITY[sdk=iphoneos*]" = "iPhone Developer";
				COPY_PHASE_STRIP = NO;
				DEBUG_INFORMATION_FORMAT = "dwarf-with-dsym";
				ENABLE_STRICT_OBJC_MSGSEND = YES;
				GCC_C_LANGUAGE_STANDARD = gnu99;
				GCC_DYNAMIC_NO_PIC = NO;
				GCC_NO_COMMON_BLOCKS = YES;
				GCC_OPTIMIZATION_LEVEL = 0;
				GCC_PREPROCESSOR_DEFINITIONS = (
					"DEBUG=1",
					"$(inherited)",
				);
				GCC_SYMBOLS_PRIVATE_EXTERN = NO;
				GCC_WARN_64_TO_32_BIT_CONVERSION = YES;
				GCC_WARN_ABOUT_RETURN_TYPE = YES_ERROR;
				GCC_WARN_UNDECLARED_SELECTOR = YES;
				GCC_WARN_UNINITIALIZED_AUTOS = YES_AGGRESSIVE;
				GCC_WARN_UNUSED_FUNCTION = YES;
				GCC_WARN_UNUSED_VARIABLE = YES;
				IPHONEOS_DEPLOYMENT_TARGET = 8.4;
				MTL_ENABLE_DEBUG_INFO = YES;
				ONLY_ACTIVE_ARCH = YES;
				SDKROOT = iphoneos;
			};
			name = Debug;
		};
		044867711B86D22300A7A94C /* Release */ = {
			isa = XCBuildConfiguration;
			buildSettings = {
				ALWAYS_SEARCH_USER_PATHS = NO;
				CLANG_CXX_LANGUAGE_STANDARD = "gnu++0x";
				CLANG_CXX_LIBRARY = "libc++";
				CLANG_ENABLE_MODULES = YES;
				CLANG_ENABLE_OBJC_ARC = YES;
				CLANG_WARN_BOOL_CONVERSION = YES;
				CLANG_WARN_CONSTANT_CONVERSION = YES;
				CLANG_WARN_DIRECT_OBJC_ISA_USAGE = YES_ERROR;
				CLANG_WARN_EMPTY_BODY = YES;
				CLANG_WARN_ENUM_CONVERSION = YES;
				CLANG_WARN_INT_CONVERSION = YES;
				CLANG_WARN_OBJC_ROOT_CLASS = YES_ERROR;
				CLANG_WARN_UNREACHABLE_CODE = YES;
				CLANG_WARN__DUPLICATE_METHOD_MATCH = YES;
				"CODE_SIGN_IDENTITY[sdk=iphoneos*]" = "iPhone Developer";
				COPY_PHASE_STRIP = NO;
				DEBUG_INFORMATION_FORMAT = "dwarf-with-dsym";
				ENABLE_NS_ASSERTIONS = NO;
				ENABLE_STRICT_OBJC_MSGSEND = YES;
				GCC_C_LANGUAGE_STANDARD = gnu99;
				GCC_NO_COMMON_BLOCKS = YES;
				GCC_WARN_64_TO_32_BIT_CONVERSION = YES;
				GCC_WARN_ABOUT_RETURN_TYPE = YES_ERROR;
				GCC_WARN_UNDECLARED_SELECTOR = YES;
				GCC_WARN_UNINITIALIZED_AUTOS = YES_AGGRESSIVE;
				GCC_WARN_UNUSED_FUNCTION = YES;
				GCC_WARN_UNUSED_VARIABLE = YES;
				IPHONEOS_DEPLOYMENT_TARGET = 8.4;
				MTL_ENABLE_DEBUG_INFO = NO;
				SDKROOT = iphoneos;
				VALIDATE_PRODUCT = YES;
			};
			name = Release;
		};
		044867731B86D22300A7A94C /* Debug */ = {
			isa = XCBuildConfiguration;
			buildSettings = {
				ASSETCATALOG_COMPILER_APPICON_NAME = AppIcon;
				INFOPLIST_FILE = CardGame/Info.plist;
				LD_RUNPATH_SEARCH_PATHS = "$(inherited) @executable_path/Frameworks";
				PRODUCT_NAME = "$(TARGET_NAME)";
			};
			name = Debug;
		};
		044867741B86D22300A7A94C /* Release */ = {
			isa = XCBuildConfiguration;
			buildSettings = {
				ASSETCATALOG_COMPILER_APPICON_NAME = AppIcon;
				INFOPLIST_FILE = CardGame/Info.plist;
				LD_RUNPATH_SEARCH_PATHS = "$(inherited) @executable_path/Frameworks";
				PRODUCT_NAME = "$(TARGET_NAME)";
			};
			name = Release;
		};
		044867761B86D22300A7A94C /* Debug */ = {
			isa = XCBuildConfiguration;
			buildSettings = {
				BUNDLE_LOADER = "$(TEST_HOST)";
				FRAMEWORK_SEARCH_PATHS = (
					"$(SDKROOT)/Developer/Library/Frameworks",
					"$(inherited)",
				);
				GCC_PREPROCESSOR_DEFINITIONS = (
					"DEBUG=1",
					"$(inherited)",
				);
				INFOPLIST_FILE = CardGameTests/Info.plist;
				LD_RUNPATH_SEARCH_PATHS = "$(inherited) @executable_path/Frameworks @loader_path/Frameworks";
				PRODUCT_NAME = "$(TARGET_NAME)";
				TEST_HOST = "$(BUILT_PRODUCTS_DIR)/CardGame.app/CardGame";
			};
			name = Debug;
		};
		044867771B86D22300A7A94C /* Release */ = {
			isa = XCBuildConfiguration;
			buildSettings = {
				BUNDLE_LOADER = "$(TEST_HOST)";
				FRAMEWORK_SEARCH_PATHS = (
					"$(SDKROOT)/Developer/Library/Frameworks",
					"$(inherited)",
				);
				INFOPLIST_FILE = CardGameTests/Info.plist;
				LD_RUNPATH_SEARCH_PATHS = "$(inherited) @executable_path/Frameworks @loader_path/Frameworks";
				PRODUCT_NAME = "$(TARGET_NAME)";
				TEST_HOST = "$(BUILT_PRODUCTS_DIR)/CardGame.app/CardGame";
			};
			name = Release;
		};
/* End XCBuildConfiguration section */

/* Begin XCConfigurationList section */
		0448674A1B86D22300A7A94C /* Build configuration list for PBXProject "CardGame" */ = {
			isa = XCConfigurationList;
			buildConfigurations = (
				044867701B86D22300A7A94C /* Debug */,
				044867711B86D22300A7A94C /* Release */,
			);
			defaultConfigurationIsVisible = 0;
			defaultConfigurationName = Release;
		};
		044867721B86D22300A7A94C /* Build configuration list for PBXNativeTarget "CardGame" */ = {
			isa = XCConfigurationList;
			buildConfigurations = (
				044867731B86D22300A7A94C /* Debug */,
				044867741B86D22300A7A94C /* Release */,
			);
			defaultConfigurationIsVisible = 0;
			defaultConfigurationName = Release;
		};
		044867751B86D22300A7A94C /* Build configuration list for PBXNativeTarget "CardGameTests" */ = {
			isa = XCConfigurationList;
			buildConfigurations = (
				044867761B86D22300A7A94C /* Debug */,
				044867771B86D22300A7A94C /* Release */,
			);
			defaultConfigurationIsVisible = 0;
			defaultConfigurationName = Release;
		};
/* End XCConfigurationList section */
	};
	rootObject = 044867471B86D22300A7A94C /* Project object */;
}
